
Microsoft Visual Studio Solution File, Format Version 12.00
# Visual Studio Version 16
VisualStudioVersion = 16.0.31129.286
MinimumVisualStudioVersion = 10.0.40219.1
Project("{FAE04EC0-301F-11D3-BF4B-00C04F79EFBC}") = "TESTE ENTREVISTA", "TESTE ENTREVISTA.csproj", "{03679ADD-F3F3-488D-9B22-0616AC350CB7}"
EndProject
Global
	GlobalSection(SolutionConfigurationPlatforms) = preSolution
		Debug|Any CPU = Debug|Any CPU
		Release|Any CPU = Release|Any CPU
	EndGlobalSection
	GlobalSection(ProjectConfigurationPlatforms) = postSolution
		{03679ADD-F3F3-488D-9B22-0616AC350CB7}.Debug|Any CPU.ActiveCfg = Debug|Any CPU
		{03679ADD-F3F3-488D-9B22-0616AC350CB7}.Debug|Any CPU.Build.0 = Debug|Any CPU
		{03679ADD-F3F3-488D-9B22-0616AC350CB7}.Release|Any CPU.ActiveCfg = Release|Any CPU
		{03679ADD-F3F3-488D-9B22-0616AC350CB7}.Release|Any CPU.Build.0 = Release|Any CPU
	EndGlobalSection
	GlobalSection(SolutionProperties) = preSolution
		HideSolutionNode = FALSE
	EndGlobalSection
	GlobalSection(ExtensibilityGlobals) = postSolution
		SolutionGuid = {0871A73C-1092-481F-9F56-8C13B0419780}
	EndGlobalSection
EndGlobal
